
Microsoft Visual Studio Solution File, Format Version 12.00
# Visual Studio Version 17
VisualStudioVersion = 17.11.35312.102
MinimumVisualStudioVersion = 10.0.40219.1
Project("{FAE04EC0-301F-11D3-BF4B-00C04F79EFBC}") = "MeetTheGe", "MeetTheGe\MeetTheGe.csproj", "{A7ACEB1C-D4F8-472D-81E8-68344CE84C42}"
EndProject
Global
	GlobalSection(SolutionConfigurationPlatforms) = preSolution
		Debug|Any CPU = Debug|Any CPU
		Release|Any CPU = Release|Any CPU
	EndGlobalSection
	GlobalSection(ProjectConfigurationPlatforms) = postSolution
		{A7ACEB1C-D4F8-472D-81E8-68344CE84C42}.Debug|Any CPU.ActiveCfg = Debug|Any CPU
		{A7ACEB1C-D4F8-472D-81E8-68344CE84C42}.Debug|Any CPU.Build.0 = Debug|Any CPU
		{A7ACEB1C-D4F8-472D-81E8-68344CE84C42}.Release|Any CPU.ActiveCfg = Release|Any CPU
		{A7ACEB1C-D4F8-472D-81E8-68344CE84C42}.Release|Any CPU.Build.0 = Release|Any CPU
	EndGlobalSection
	GlobalSection(SolutionProperties) = preSolution
		HideSolutionNode = FALSE
	EndGlobalSection
	GlobalSection(ExtensibilityGlobals) = postSolution
		SolutionGuid = {C3D8D611-7276-4406-8327-F7C90D2E240E}
	EndGlobalSection
EndGlobal
